
Microsoft Visual Studio Solution File, Format Version 12.00
# Visual Studio Version 17
VisualStudioVersion = 17.7.34202.233
MinimumVisualStudioVersion = 10.0.40219.1
Project("{FAE04EC0-301F-11D3-BF4B-00C04F79EFBC}") = "ChallengesTestApp", "ChallengesTestApp\ChallengesTestApp.csproj", "{A2E5BED1-FD9D-47A7-B361-1FEB1A0B1F50}"
EndProject
Global
	GlobalSection(SolutionConfigurationPlatforms) = preSolution
		Debug|Any CPU = Debug|Any CPU
		Release|Any CPU = Release|Any CPU
	EndGlobalSection
	GlobalSection(ProjectConfigurationPlatforms) = postSolution
		{A2E5BED1-FD9D-47A7-B361-1FEB1A0B1F50}.Debug|Any CPU.ActiveCfg = Debug|Any CPU
		{A2E5BED1-FD9D-47A7-B361-1FEB1A0B1F50}.Debug|Any CPU.Build.0 = Debug|Any CPU
		{A2E5BED1-FD9D-47A7-B361-1FEB1A0B1F50}.Release|Any CPU.ActiveCfg = Release|Any CPU
		{A2E5BED1-FD9D-47A7-B361-1FEB1A0B1F50}.Release|Any CPU.Build.0 = Release|Any CPU
	EndGlobalSection
	GlobalSection(SolutionProperties) = preSolution
		HideSolutionNode = FALSE
	EndGlobalSection
	GlobalSection(ExtensibilityGlobals) = postSolution
		SolutionGuid = {D58DB1AE-A1C4-4492-A651-8E018063775A}
	EndGlobalSection
EndGlobal
